
Microsoft Visual Studio Solution File, Format Version 12.00
# Visual Studio 15
VisualStudioVersion = 15.0.27130.2036
MinimumVisualStudioVersion = 10.0.40219.1
Project("{FAE04EC0-301F-11D3-BF4B-00C04F79EFBC}") = "OptionalArguments", "OptionalArguments\OptionalArguments.csproj", "{73BE9F58-A40E-4D87-91B1-313AE4664719}"
EndProject
Global
	GlobalSection(SolutionConfigurationPlatforms) = preSolution
		Debug|Any CPU = Debug|Any CPU
		Release|Any CPU = Release|Any CPU
	EndGlobalSection
	GlobalSection(ProjectConfigurationPlatforms) = postSolution
		{73BE9F58-A40E-4D87-91B1-313AE4664719}.Debug|Any CPU.ActiveCfg = Debug|Any CPU
		{73BE9F58-A40E-4D87-91B1-313AE4664719}.Debug|Any CPU.Build.0 = Debug|Any CPU
		{73BE9F58-A40E-4D87-91B1-313AE4664719}.Release|Any CPU.ActiveCfg = Release|Any CPU
		{73BE9F58-A40E-4D87-91B1-313AE4664719}.Release|Any CPU.Build.0 = Release|Any CPU
	EndGlobalSection
	GlobalSection(SolutionProperties) = preSolution
		HideSolutionNode = FALSE
	EndGlobalSection
	GlobalSection(ExtensibilityGlobals) = postSolution
		SolutionGuid = {AF3EB893-F0C6-45D5-AB4C-3519D72EB7D9}
	EndGlobalSection
EndGlobal
